
Microsoft Visual Studio Solution File, Format Version 12.00
# Visual Studio Version 17
VisualStudioVersion = 17.1.32228.430
MinimumVisualStudioVersion = 10.0.40219.1
Project("{FAE04EC0-301F-11D3-BF4B-00C04F79EFBC}") = "backend", "backend\backend.csproj", "{766AC546-0666-48F6-A047-84C57C1C16AD}"
EndProject
Project("{E53339B2-1760-4266-BCC7-CA923CBCF16C}") = "docker-compose", "docker-compose.dcproj", "{533BA13F-52F3-43A9-8EED-94ED5D433E52}"
EndProject
Project("{FAE04EC0-301F-11D3-BF4B-00C04F79EFBC}") = "Tests", "Tests\Tests.csproj", "{55D6E6FB-2E71-444C-85CA-9F1528E5D987}"
EndProject
Global
	GlobalSection(SolutionConfigurationPlatforms) = preSolution
		Debug|Any CPU = Debug|Any CPU
		Release|Any CPU = Release|Any CPU
	EndGlobalSection
	GlobalSection(ProjectConfigurationPlatforms) = postSolution
		{766AC546-0666-48F6-A047-84C57C1C16AD}.Debug|Any CPU.ActiveCfg = Debug|Any CPU
		{766AC546-0666-48F6-A047-84C57C1C16AD}.Debug|Any CPU.Build.0 = Debug|Any CPU
		{766AC546-0666-48F6-A047-84C57C1C16AD}.Release|Any CPU.ActiveCfg = Release|Any CPU
		{766AC546-0666-48F6-A047-84C57C1C16AD}.Release|Any CPU.Build.0 = Release|Any CPU
		{533BA13F-52F3-43A9-8EED-94ED5D433E52}.Debug|Any CPU.ActiveCfg = Debug|Any CPU
		{533BA13F-52F3-43A9-8EED-94ED5D433E52}.Debug|Any CPU.Build.0 = Debug|Any CPU
		{533BA13F-52F3-43A9-8EED-94ED5D433E52}.Release|Any CPU.ActiveCfg = Release|Any CPU
		{533BA13F-52F3-43A9-8EED-94ED5D433E52}.Release|Any CPU.Build.0 = Release|Any CPU
		{55D6E6FB-2E71-444C-85CA-9F1528E5D987}.Debug|Any CPU.ActiveCfg = Debug|Any CPU
		{55D6E6FB-2E71-444C-85CA-9F1528E5D987}.Debug|Any CPU.Build.0 = Debug|Any CPU
		{55D6E6FB-2E71-444C-85CA-9F1528E5D987}.Release|Any CPU.ActiveCfg = Release|Any CPU
		{55D6E6FB-2E71-444C-85CA-9F1528E5D987}.Release|Any CPU.Build.0 = Release|Any CPU
	EndGlobalSection
	GlobalSection(SolutionProperties) = preSolution
		HideSolutionNode = FALSE
	EndGlobalSection
	GlobalSection(ExtensibilityGlobals) = postSolution
		SolutionGuid = {AB072069-6DC4-4EEE-A484-65733D8F169C}
	EndGlobalSection
EndGlobal
